
Microsoft Visual Studio Solution File, Format Version 12.00
# Visual Studio Version 16
VisualStudioVersion = 16.0.30309.148
MinimumVisualStudioVersion = 10.0.40219.1
Project("{9092AA53-FB77-4645-B42D-1CCCA6BD08BD}") = "VersionControlApi", "ExpressApp1\VersionControlApi.njsproj", "{778A5294-DD3E-42B1-892D-CFC5F97558F2}"
EndProject
Global
	GlobalSection(SolutionConfigurationPlatforms) = preSolution
		Debug|Any CPU = Debug|Any CPU
		Release|Any CPU = Release|Any CPU
	EndGlobalSection
	GlobalSection(ProjectConfigurationPlatforms) = postSolution
		{778A5294-DD3E-42B1-892D-CFC5F97558F2}.Debug|Any CPU.ActiveCfg = Debug|Any CPU
		{778A5294-DD3E-42B1-892D-CFC5F97558F2}.Debug|Any CPU.Build.0 = Debug|Any CPU
		{778A5294-DD3E-42B1-892D-CFC5F97558F2}.Release|Any CPU.ActiveCfg = Release|Any CPU
		{778A5294-DD3E-42B1-892D-CFC5F97558F2}.Release|Any CPU.Build.0 = Release|Any CPU
	EndGlobalSection
	GlobalSection(SolutionProperties) = preSolution
		HideSolutionNode = FALSE
	EndGlobalSection
	GlobalSection(ExtensibilityGlobals) = postSolution
		SolutionGuid = {49A7730B-70A6-4B23-80AE-4227DBFDEA25}
	EndGlobalSection
EndGlobal
